
Microsoft Visual Studio Solution File, Format Version 12.00
# Visual Studio 15
VisualStudioVersion = 15.0.28307.421
MinimumVisualStudioVersion = 10.0.40219.1
Project("{FAE04EC0-301F-11D3-BF4B-00C04F79EFBC}") = "trnetwork", "trnetwork\trnetwork.csproj", "{4AC2348D-C108-4B02-B126-C85C9661C810}"
EndProject
Global
	GlobalSection(SolutionConfigurationPlatforms) = preSolution
		Debug|Any CPU = Debug|Any CPU
		Release|Any CPU = Release|Any CPU
	EndGlobalSection
	GlobalSection(ProjectConfigurationPlatforms) = postSolution
		{4AC2348D-C108-4B02-B126-C85C9661C810}.Debug|Any CPU.ActiveCfg = Debug|Any CPU
		{4AC2348D-C108-4B02-B126-C85C9661C810}.Debug|Any CPU.Build.0 = Debug|Any CPU
		{4AC2348D-C108-4B02-B126-C85C9661C810}.Release|Any CPU.ActiveCfg = Release|Any CPU
		{4AC2348D-C108-4B02-B126-C85C9661C810}.Release|Any CPU.Build.0 = Release|Any CPU
	EndGlobalSection
	GlobalSection(SolutionProperties) = preSolution
		HideSolutionNode = FALSE
	EndGlobalSection
	GlobalSection(ExtensibilityGlobals) = postSolution
		SolutionGuid = {87D221A1-D5E8-4F2E-B550-6B87D69A2C6D}
	EndGlobalSection
EndGlobal
